{
  "name": "babel-plugin-jsx-template-vars",
  "version": "0.0.9",
  "lockfileVersion": 1,
  "requires": true,
  "dependencies": {
    "@babel/generator": {
      "version": "7.18.12",
      "resolved": "https://registry.npmjs.org/@babel/generator/-/generator-7.18.12.tgz",
      "integrity": "sha512-dfQ8ebCN98SvyL7IxNMCUtZQSq5R7kxgN+r8qYTGDmmSion1hX2C0zq2yo1bsCDhXixokv1SAWTZUMYbO/V5zg==",
      "dev": true,
      "requires": {
        "@babel/types": "^7.18.10",
        "@jridgewell/gen-mapping": "^0.3.2",
        "jsesc": "^2.5.1"
      }
    },
    "@babel/helper-string-parser": {
      "version": "7.18.10",
      "resolved": "https://registry.npmjs.org/@babel/helper-string-parser/-/helper-string-parser-7.18.10.tgz",
      "integrity": "sha512-XtIfWmeNY3i4t7t4D2t02q50HvqHybPqW2ki1kosnvWCwuCMeo81Jf0gwr85jy/neUdg5XDdeFE/80DXiO+njw==",
      "dev": true
    },
    "@babel/helper-validator-identifier": {
      "version": "7.18.6",
      "resolved": "https://registry.npmjs.org/@babel/helper-validator-identifier/-/helper-validator-identifier-7.18.6.tgz",
      "integrity": "sha512-MmetCkz9ej86nJQV+sFCxoGGrUbU3q02kgLciwkrt9QqEB7cP39oKEY0PakknEO0Gu20SskMRi+AYZ3b1TpN9g==",
      "dev": true
    },
    "@babel/types": {
      "version": "7.18.10",
      "resolved": "https://registry.npmjs.org/@babel/types/-/types-7.18.10.tgz",
      "integrity": "sha512-MJvnbEiiNkpjo+LknnmRrqbY1GPUUggjv+wQVjetM/AONoupqRALB7I6jGqNUAZsKcRIEu2J6FRFvsczljjsaQ==",
      "dev": true,
      "requires": {
        "@babel/helper-string-parser": "^7.18.10",
        "@babel/helper-validator-identifier": "^7.18.6",
        "to-fast-properties": "^2.0.0"
      }
    },
    "@jridgewell/gen-mapping": {
      "version": "0.3.2",
      "resolved": "https://registry.npmjs.org/@jridgewell/gen-mapping/-/gen-mapping-0.3.2.tgz",
      "integrity": "sha512-mh65xKQAzI6iBcFzwv28KVWSmCkdRBWoOh+bYQGW3+6OZvbbN3TqMGo5hqYxQniRcH9F2VZIoJCm4pa3BPDK/A==",
      "dev": true,
      "requires": {
        "@jridgewell/set-array": "^1.0.1",
        "@jridgewell/sourcemap-codec": "^1.4.10",
        "@jridgewell/trace-mapping": "^0.3.9"
      }
    },
    "@jridgewell/resolve-uri": {
      "version": "3.1.0",
      "resolved": "https://registry.npmjs.org/@jridgewell/resolve-uri/-/resolve-uri-3.1.0.tgz",
      "integrity": "sha512-F2msla3tad+Mfht5cJq7LSXcdudKTWCVYUgw6pLFOOHSTtZlj6SWNYAp+AhuqLmWdBO2X5hPrLcu8cVP8fy28w==",
      "dev": true
    },
    "@jridgewell/set-array": {
      "version": "1.1.2",
      "resolved": "https://registry.npmjs.org/@jridgewell/set-array/-/set-array-1.1.2.tgz",
      "integrity": "sha512-xnkseuNADM0gt2bs+BvhO0p78Mk762YnZdsuzFV018NoG1Sj1SCQvpSqa7XUaTam5vAGasABV9qXASMKnFMwMw==",
      "dev": true
    },
    "@jridgewell/sourcemap-codec": {
      "version": "1.4.14",
      "resolved": "https://registry.npmjs.org/@jridgewell/sourcemap-codec/-/sourcemap-codec-1.4.14.tgz",
      "integrity": "sha512-XPSJHWmi394fuUuzDnGz1wiKqWfo1yXecHQMRf2l6hztTO+nPru658AyDngaBe7isIxEkRsPR3FZh+s7iVa4Uw==",
      "dev": true
    },
    "@jridgewell/trace-mapping": {
      "version": "0.3.14",
      "resolved": "https://registry.npmjs.org/@jridgewell/trace-mapping/-/trace-mapping-0.3.14.tgz",
      "integrity": "sha512-bJWEfQ9lPTvm3SneWwRFVLzrh6nhjwqw7TUFFBEMzwvg7t7PCDenf2lDwqo4NQXzdpgBXyFgDWnQA+2vkruksQ==",
      "dev": true,
      "requires": {
        "@jridgewell/resolve-uri": "^3.0.3",
        "@jridgewell/sourcemap-codec": "^1.4.10"
      }
    },
    "jsesc": {
      "version": "2.5.2",
      "resolved": "https://registry.npmjs.org/jsesc/-/jsesc-2.5.2.tgz",
      "integrity": "sha512-OYu7XEzjkCQ3C5Ps3QIZsQfNpqoJyZZA99wd9aWd05NCtC5pWOkShK2mkL6HXQR6/Cy2lbNdPlZBpuQHXE63gA==",
      "dev": true
    },
    "to-fast-properties": {
      "version": "2.0.0",
      "resolved": "https://registry.npmjs.org/to-fast-properties/-/to-fast-properties-2.0.0.tgz",
      "integrity": "sha512-/OaKK0xYrs3DmxRYqL/yDc+FxFUVYhDlXMhRmv3z915w2HF1tnN1omB354j8VUGO/hbRzyD6Y3sA7v7GS/ceog==",
      "dev": true
    }
  }
}
